packages:
  - name: dbt_utils
    package: dbt-labs/dbt_utils
    version: 1.3.3
  - name: dbt_expectations
    package: metaplane/dbt_expectations
    version: 0.10.10
  - name: dbt_artifacts
    package: brooklyn-data/dbt_artifacts
    version: 2.10.0
  - name: elementary
    package: elementary-data/elementary
    version: 0.23.0
  - name: dbt_date
    package: godatadriven/dbt_date
    version: 0.21.0
sha1_hash: ae3fe55a39e3d0ce8bc3faecb57a9df7566d2184
